// !$*UTF8*$!
{
	archiveVersion = 1;
	classes = {
	};
	objectVersion = 77;
	objects = {

/* Begin PBXBuildFile section */
		3E3B8C6A6C5ED4EE237EB28F /* WidgetData.swift in Sources */ = {isa = PBXBuildFile; fileRef = E4F87ADA3B8A516517241355 /* WidgetData.swift */; };
		436B6C287A23E79F3792A417 /* KrabStatusWidget.swift in Sources */ = {isa = PBXBuildFile; fileRef = 394FFEF891ED2BAA4B60266B /* KrabStatusWidget.swift */; };
		760C26DF238680FBE3D464EC /* Assets.xcassets in Resources */ = {isa = PBXBuildFile; fileRef = C406FDD275C44B73FCE47A79 /* Assets.xcassets */; };
		7FF4DD593971A4330051E7D9 /* KrabWidgetExtension.appex in Embed Foundation Extensions */ = {isa = PBXBuildFile; fileRef = 76EAAC9197D7EB7DFE7221B9 /* KrabWidgetExtension.appex */; settings = {ATTRIBUTES = (CodeSignOnCopy, RemoveHeadersOnCopy, ); }; };
		87477396DA40BC84733CD57E /* KrabWidgetApp.swift in Sources */ = {isa = PBXBuildFile; fileRef = 335490C6FBFAAD5EE91B84F6 /* KrabWidgetApp.swift */; };
		9447A33708F2C40DF3F056B1 /* Assets.xcassets in Resources */ = {isa = PBXBuildFile; fileRef = 6ED22FD5C138DD458ECCBD7B /* Assets.xcassets */; };
		C834B0819287684456398739 /* KrabWidgetBundle.swift in Sources */ = {isa = PBXBuildFile; fileRef = 20EFEDF4DDFF43A177F92A0D /* KrabWidgetBundle.swift */; };
		DB1755A625D80F629E2471E4 /* WidgetData.swift in Sources */ = {isa = PBXBuildFile; fileRef = E4F87ADA3B8A516517241355 /* WidgetData.swift */; };
		DF9C1D02D4CD841E10D6E5E9 /* ContentView.swift in Sources */ = {isa = PBXBuildFile; fileRef = 6D8420E5BF56A0405BB125FE /* ContentView.swift */; };
		EE0F886CFB81131A7EFD0C8F /* OpenClawConnection.swift in Sources */ = {isa = PBXBuildFile; fileRef = 20BAA736CAFBC120063321AD /* OpenClawConnection.swift */; };
		F6474806ED48900C1B7D7568 /* OpenClawConnection.swift in Sources */ = {isa = PBXBuildFile; fileRef = 20BAA736CAFBC120063321AD /* OpenClawConnection.swift */; };
/* End PBXBuildFile section */

/* Begin PBXContainerItemProxy section */
		6B4C2327EA74E45946901147 /* PBXContainerItemProxy */ = {
			isa = PBXContainerItemProxy;
			containerPortal = 58A8BC3DCEFC8048965F8328 /* Project object */;
			proxyType = 1;
			remoteGlobalIDString = 1085E127DC696C314A2ADE05;
			remoteInfo = KrabWidgetExtension;
		};
/* End PBXContainerItemProxy section */

/* Begin PBXCopyFilesBuildPhase section */
		8286FF8BF744764F8A097332 /* Embed Foundation Extensions */ = {
			isa = PBXCopyFilesBuildPhase;
			buildActionMask = 2147483647;
			dstPath = "";
			dstSubfolderSpec = 13;
			files = (
				7FF4DD593971A4330051E7D9 /* KrabWidgetExtension.appex in Embed Foundation Extensions */,
			);
			name = "Embed Foundation Extensions";
			runOnlyForDeploymentPostprocessing = 0;
		};
/* End PBXCopyFilesBuildPhase section */

/* Begin PBXFileReference section */
		1A6180BCD8AC1F91AC9979DF /* KrabWidget.app */ = {isa = PBXFileReference; explicitFileType = wrapper.application; includeInIndex = 0; path = KrabWidget.app; sourceTree = BUILT_PRODUCTS_DIR; };
		20BAA736CAFBC120063321AD /* OpenClawConnection.swift */ = {isa = PBXFileReference; lastKnownFileType = sourcecode.swift; path = OpenClawConnection.swift; sourceTree = "<group>"; };
		20EFEDF4DDFF43A177F92A0D /* KrabWidgetBundle.swift */ = {isa = PBXFileReference; lastKnownFileType = sourcecode.swift; path = KrabWidgetBundle.swift; sourceTree = "<group>"; };
		335490C6FBFAAD5EE91B84F6 /* KrabWidgetApp.swift */ = {isa = PBXFileReference; lastKnownFileType = sourcecode.swift; path = KrabWidgetApp.swift; sourceTree = "<group>"; };
		394FFEF891ED2BAA4B60266B /* KrabStatusWidget.swift */ = {isa = PBXFileReference; lastKnownFileType = sourcecode.swift; path = KrabStatusWidget.swift; sourceTree = "<group>"; };
		6D8420E5BF56A0405BB125FE /* ContentView.swift */ = {isa = PBXFileReference; lastKnownFileType = sourcecode.swift; path = ContentView.swift; sourceTree = "<group>"; };
		6ED22FD5C138DD458ECCBD7B /* Assets.xcassets */ = {isa = PBXFileReference; lastKnownFileType = folder.assetcatalog; path = Assets.xcassets; sourceTree = "<group>"; };
		76EAAC9197D7EB7DFE7221B9 /* KrabWidgetExtension.appex */ = {isa = PBXFileReference; explicitFileType = "wrapper.app-extension"; includeInIndex = 0; path = KrabWidgetExtension.appex; sourceTree = BUILT_PRODUCTS_DIR; };
		7DB679BAAF5A6A8A1250824F /* Info.plist */ = {isa = PBXFileReference; lastKnownFileType = text.plist; path = Info.plist; sourceTree = "<group>"; };
		89A91FD819296E626C31E776 /* Info.plist */ = {isa = PBXFileReference; lastKnownFileType = text.plist; path = Info.plist; sourceTree = "<group>"; };
		C406FDD275C44B73FCE47A79 /* Assets.xcassets */ = {isa = PBXFileReference; lastKnownFileType = folder.assetcatalog; path = Assets.xcassets; sourceTree = "<group>"; };
		E4F87ADA3B8A516517241355 /* WidgetData.swift */ = {isa = PBXFileReference; lastKnownFileType = sourcecode.swift; path = WidgetData.swift; sourceTree = "<group>"; };
/* End PBXFileReference section */

/* Begin PBXGroup section */
		0267730FFC374E475C59EF5D /* Shared */ = {
			isa = PBXGroup;
			children = (
				20BAA736CAFBC120063321AD /* OpenClawConnection.swift */,
				E4F87ADA3B8A516517241355 /* WidgetData.swift */,
			);
			path = Shared;
			sourceTree = "<group>";
		};
		0BA0F33E90ED9AC9CED7249F /* KrabWidgetExtension */ = {
			isa = PBXGroup;
			children = (
				6ED22FD5C138DD458ECCBD7B /* Assets.xcassets */,
				89A91FD819296E626C31E776 /* Info.plist */,
				394FFEF891ED2BAA4B60266B /* KrabStatusWidget.swift */,
				20EFEDF4DDFF43A177F92A0D /* KrabWidgetBundle.swift */,
			);
			path = KrabWidgetExtension;
			sourceTree = "<group>";
		};
		22543A6BDED482C6E325AFC8 /* Products */ = {
			isa = PBXGroup;
			children = (
				1A6180BCD8AC1F91AC9979DF /* KrabWidget.app */,
				76EAAC9197D7EB7DFE7221B9 /* KrabWidgetExtension.appex */,
			);
			name = Products;
			sourceTree = "<group>";
		};
		8967E34063DC7AE0F4E2CBE2 /* KrabWidget */ = {
			isa = PBXGroup;
			children = (
				DCBC44B797B6660C2128394E /* Views */,
				C406FDD275C44B73FCE47A79 /* Assets.xcassets */,
				7DB679BAAF5A6A8A1250824F /* Info.plist */,
				335490C6FBFAAD5EE91B84F6 /* KrabWidgetApp.swift */,
			);
			path = KrabWidget;
			sourceTree = "<group>";
		};
		DCBC44B797B6660C2128394E /* Views */ = {
			isa = PBXGroup;
			children = (
				6D8420E5BF56A0405BB125FE /* ContentView.swift */,
			);
			path = Views;
			sourceTree = "<group>";
		};
		E9716AC9EC6BAA018278AF9F = {
			isa = PBXGroup;
			children = (
				8967E34063DC7AE0F4E2CBE2 /* KrabWidget */,
				0BA0F33E90ED9AC9CED7249F /* KrabWidgetExtension */,
				0267730FFC374E475C59EF5D /* Shared */,
				22543A6BDED482C6E325AFC8 /* Products */,
			);
			sourceTree = "<group>";
		};
/* End PBXGroup section */

/* Begin PBXNativeTarget section */
		1085E127DC696C314A2ADE05 /* KrabWidgetExtension */ = {
			isa = PBXNativeTarget;
			buildConfigurationList = C55B7FDDB5097CD2B088998D /* Build configuration list for PBXNativeTarget "KrabWidgetExtension" */;
			buildPhases = (
				417F3BF31EB39B0D52C7DF5F /* Sources */,
				32B48F31792692937692D7EC /* Resources */,
			);
			buildRules = (
			);
			dependencies = (
			);
			name = KrabWidgetExtension;
			packageProductDependencies = (
			);
			productName = KrabWidgetExtension;
			productReference = 76EAAC9197D7EB7DFE7221B9 /* KrabWidgetExtension.appex */;
			productType = "com.apple.product-type.app-extension";
		};
		79F01DB889DA6FFA10767E38 /* KrabWidget */ = {
			isa = PBXNativeTarget;
			buildConfigurationList = 4DED9A76E5ECC93AD707EAA1 /* Build configuration list for PBXNativeTarget "KrabWidget" */;
			buildPhases = (
				ACEE863E971B1302B653B42F /* Sources */,
				547DC5F74B85BBB37D67A9C2 /* Resources */,
				8286FF8BF744764F8A097332 /* Embed Foundation Extensions */,
			);
			buildRules = (
			);
			dependencies = (
				087A16860392B2770E35DC09 /* PBXTargetDependency */,
			);
			name = KrabWidget;
			packageProductDependencies = (
			);
			productName = KrabWidget;
			productReference = 1A6180BCD8AC1F91AC9979DF /* KrabWidget.app */;
			productType = "com.apple.product-type.application";
		};
/* End PBXNativeTarget section */

/* Begin PBXProject section */
		58A8BC3DCEFC8048965F8328 /* Project object */ = {
			isa = PBXProject;
			attributes = {
				BuildIndependentTargetsInParallel = YES;
				LastUpgradeCheck = 1430;
				TargetAttributes = {
					1085E127DC696C314A2ADE05 = {
						ProvisioningStyle = Automatic;
					};
					79F01DB889DA6FFA10767E38 = {
						ProvisioningStyle = Automatic;
					};
				};
			};
			buildConfigurationList = 4EFDF9648A9BACC2953F6FA2 /* Build configuration list for PBXProject "KrabWidget" */;
			compatibilityVersion = "Xcode 14.0";
			developmentRegion = en;
			hasScannedForEncodings = 0;
			knownRegions = (
				Base,
				en,
			);
			mainGroup = E9716AC9EC6BAA018278AF9F;
			minimizedProjectReferenceProxies = 1;
			preferredProjectObjectVersion = 77;
			projectDirPath = "";
			projectRoot = "";
			targets = (
				79F01DB889DA6FFA10767E38 /* KrabWidget */,
				1085E127DC696C314A2ADE05 /* KrabWidgetExtension */,
			);
		};
/* End PBXProject section */

/* Begin PBXResourcesBuildPhase section */
		32B48F31792692937692D7EC /* Resources */ = {
			isa = PBXResourcesBuildPhase;
			buildActionMask = 2147483647;
			files = (
				9447A33708F2C40DF3F056B1 /* Assets.xcassets in Resources */,
			);
			runOnlyForDeploymentPostprocessing = 0;
		};
		547DC5F74B85BBB37D67A9C2 /* Resources */ = {
			isa = PBXResourcesBuildPhase;
			buildActionMask = 2147483647;
			files = (
				760C26DF238680FBE3D464EC /* Assets.xcassets in Resources */,
			);
			runOnlyForDeploymentPostprocessing = 0;
		};
/* End PBXResourcesBuildPhase section */

/* Begin PBXSourcesBuildPhase section */
		417F3BF31EB39B0D52C7DF5F /* Sources */ = {
			isa = PBXSourcesBuildPhase;
			buildActionMask = 2147483647;
			files = (
				436B6C287A23E79F3792A417 /* KrabStatusWidget.swift in Sources */,
				C834B0819287684456398739 /* KrabWidgetBundle.swift in Sources */,
				F6474806ED48900C1B7D7568 /* OpenClawConnection.swift in Sources */,
				DB1755A625D80F629E2471E4 /* WidgetData.swift in Sources */,
			);
			runOnlyForDeploymentPostprocessing = 0;
		};
		ACEE863E971B1302B653B42F /* Sources */ = {
			isa = PBXSourcesBuildPhase;
			buildActionMask = 2147483647;
			files = (
				DF9C1D02D4CD841E10D6E5E9 /* ContentView.swift in Sources */,
				87477396DA40BC84733CD57E /* KrabWidgetApp.swift in Sources */,
				EE0F886CFB81131A7EFD0C8F /* OpenClawConnection.swift in Sources */,
				3E3B8C6A6C5ED4EE237EB28F /* WidgetData.swift in Sources */,
			);
			runOnlyForDeploymentPostprocessing = 0;
		};
/* End PBXSourcesBuildPhase section */

/* Begin PBXTargetDependency section */
		087A16860392B2770E35DC09 /* PBXTargetDependency */ = {
			isa = PBXTargetDependency;
			target = 1085E127DC696C314A2ADE05 /* KrabWidgetExtension */;
			targetProxy = 6B4C2327EA74E45946901147 /* PBXContainerItemProxy */;
		};
/* End PBXTargetDependency section */

/* Begin XCBuildConfiguration section */
		021AEB29F811738F1F6245D5 /* Release */ = {
			isa = XCBuildConfiguration;
			buildSettings = {
				ASSETCATALOG_COMPILER_WIDGET_BACKGROUND_COLOR_NAME = WidgetBackground;
				CODE_SIGN_ENTITLEMENTS = KrabWidgetExtension/KrabWidgetExtension.entitlements;
				CODE_SIGN_STYLE = Automatic;
				COMBINE_HIDPI_IMAGES = YES;
				INFOPLIST_FILE = KrabWidgetExtension/Info.plist;
				LD_RUNPATH_SEARCH_PATHS = (
					"$(inherited)",
					"@executable_path/../Frameworks",
					"@executable_path/../../../../Frameworks",
				);
				PRODUCT_BUNDLE_IDENTIFIER = com.openclaw.krabwidget.widget;
				SDKROOT = macosx;
				SKIP_INSTALL = YES;
			};
			name = Release;
		};
		0FB5A03B49EA07BBE0E48685 /* Release */ = {
			isa = XCBuildConfiguration;
			buildSettings = {
				ASSETCATALOG_COMPILER_APPICON_NAME = AppIcon;
				CODE_SIGN_ENTITLEMENTS = KrabWidget/KrabWidget.entitlements;
				CODE_SIGN_STYLE = Automatic;
				COMBINE_HIDPI_IMAGES = YES;
				ENABLE_HARDENED_RUNTIME = YES;
				INFOPLIST_FILE = KrabWidget/Info.plist;
				LD_RUNPATH_SEARCH_PATHS = (
					"$(inherited)",
					"@executable_path/../Frameworks",
				);
				PRODUCT_BUNDLE_IDENTIFIER = com.openclaw.krabwidget;
				SDKROOT = macosx;
			};
			name = Release;
		};
		26A9E5BBCAFCDCA7273442B1 /* Debug */ = {
			isa = XCBuildConfiguration;
			buildSettings = {
				ASSETCATALOG_COMPILER_APPICON_NAME = AppIcon;
				CODE_SIGN_ENTITLEMENTS = KrabWidget/KrabWidget.entitlements;
				CODE_SIGN_STYLE = Automatic;
				COMBINE_HIDPI_IMAGES = YES;
				ENABLE_HARDENED_RUNTIME = YES;
				INFOPLIST_FILE = KrabWidget/Info.plist;
				LD_RUNPATH_SEARCH_PATHS = (
					"$(inherited)",
					"@executable_path/../Frameworks",
				);
				PRODUCT_BUNDLE_IDENTIFIER = com.openclaw.krabwidget;
				SDKROOT = macosx;
			};
			name = Debug;
		};
		863EB1D391C958F5CFDE26E5 /* Debug */ = {
			isa = XCBuildConfiguration;
			buildSettings = {
				ALWAYS_SEARCH_USER_PATHS = NO;
				CLANG_ANALYZER_NONNULL = YES;
				CLANG_ANALYZER_NUMBER_OBJECT_CONVERSION = YES_AGGRESSIVE;
				CLANG_CXX_LANGUAGE_STANDARD = "gnu++14";
				CLANG_CXX_LIBRARY = "libc++";
				CLANG_ENABLE_MODULES = YES;
				CLANG_ENABLE_OBJC_ARC = YES;
				CLANG_ENABLE_OBJC_WEAK = YES;
				CLANG_WARN_BLOCK_CAPTURE_AUTORELEASING = YES;
				CLANG_WARN_BOOL_CONVERSION = YES;
				CLANG_WARN_COMMA = YES;
				CLANG_WARN_CONSTANT_CONVERSION = YES;
				CLANG_WARN_DEPRECATED_OBJC_IMPLEMENTATIONS = YES;
				CLANG_WARN_DIRECT_OBJC_ISA_USAGE = YES_ERROR;
				CLANG_WARN_DOCUMENTATION_COMMENTS = YES;
				CLANG_WARN_EMPTY_BODY = YES;
				CLANG_WARN_ENUM_CONVERSION = YES;
				CLANG_WARN_INFINITE_RECURSION = YES;
				CLANG_WARN_INT_CONVERSION = YES;
				CLANG_WARN_NON_LITERAL_NULL_CONVERSION = YES;
				CLANG_WARN_OBJC_IMPLICIT_RETAIN_SELF = YES;
				CLANG_WARN_OBJC_LITERAL_CONVERSION = YES;
				CLANG_WARN_OBJC_ROOT_CLASS = YES_ERROR;
				CLANG_WARN_QUOTED_INCLUDE_IN_FRAMEWORK_HEADER = YES;
				CLANG_WARN_RANGE_LOOP_ANALYSIS = YES;
				CLANG_WARN_STRICT_PROTOTYPES = YES;
				CLANG_WARN_SUSPICIOUS_MOVE = YES;
				CLANG_WARN_UNGUARDED_AVAILABILITY = YES_AGGRESSIVE;
				CLANG_WARN_UNREACHABLE_CODE = YES;
				CLANG_WARN__DUPLICATE_METHOD_MATCH = YES;
				COPY_PHASE_STRIP = NO;
				CURRENT_PROJECT_VERSION = 1;
				DEBUG_INFORMATION_FORMAT = dwarf;
				ENABLE_STRICT_OBJC_MSGSEND = YES;
				ENABLE_TESTABILITY = YES;
				GCC_C_LANGUAGE_STANDARD = gnu11;
				GCC_DYNAMIC_NO_PIC = NO;
				GCC_NO_COMMON_BLOCKS = YES;
				GCC_OPTIMIZATION_LEVEL = 0;
				GCC_PREPROCESSOR_DEFINITIONS = (
					"$(inherited)",
					"DEBUG=1",
				);
				GCC_WARN_64_TO_32_BIT_CONVERSION = YES;
				GCC_WARN_ABOUT_RETURN_TYPE = YES_ERROR;
				GCC_WARN_UNDECLARED_SELECTOR = YES;
				GCC_WARN_UNINITIALIZED_AUTOS = YES_AGGRESSIVE;
				GCC_WARN_UNUSED_FUNCTION = YES;
				GCC_WARN_UNUSED_VARIABLE = YES;
				MACOSX_DEPLOYMENT_TARGET = 14.0;
				MARKETING_VERSION = 1.0.0;
				MTL_ENABLE_DEBUG_INFO = INCLUDE_SOURCE;
				MTL_FAST_MATH = YES;
				ONLY_ACTIVE_ARCH = YES;
				PRODUCT_NAME = "$(TARGET_NAME)";
				SDKROOT = macosx;
				SWIFT_ACTIVE_COMPILATION_CONDITIONS = DEBUG;
				SWIFT_OPTIMIZATION_LEVEL = "-Onone";
				SWIFT_VERSION = 5.0;
			};
			name = Debug;
		};
		B85719642545A4B0942430A9 /* Debug */ = {
			isa = XCBuildConfiguration;
			buildSettings = {
				ASSETCATALOG_COMPILER_WIDGET_BACKGROUND_COLOR_NAME = WidgetBackground;
				CODE_SIGN_ENTITLEMENTS = KrabWidgetExtension/KrabWidgetExtension.entitlements;
				CODE_SIGN_STYLE = Automatic;
				COMBINE_HIDPI_IMAGES = YES;
				INFOPLIST_FILE = KrabWidgetExtension/Info.plist;
				LD_RUNPATH_SEARCH_PATHS = (
					"$(inherited)",
					"@executable_path/../Frameworks",
					"@executable_path/../../../../Frameworks",
				);
				PRODUCT_BUNDLE_IDENTIFIER = com.openclaw.krabwidget.widget;
				SDKROOT = macosx;
				SKIP_INSTALL = YES;
			};
			name = Debug;
		};
		C76BF74A1D9219BBA70A3093 /* Release */ = {
			isa = XCBuildConfiguration;
			buildSettings = {
				ALWAYS_SEARCH_USER_PATHS = NO;
				CLANG_ANALYZER_NONNULL = YES;
				CLANG_ANALYZER_NUMBER_OBJECT_CONVERSION = YES_AGGRESSIVE;
				CLANG_CXX_LANGUAGE_STANDARD = "gnu++14";
				CLANG_CXX_LIBRARY = "libc++";
				CLANG_ENABLE_MODULES = YES;
				CLANG_ENABLE_OBJC_ARC = YES;
				CLANG_ENABLE_OBJC_WEAK = YES;
				CLANG_WARN_BLOCK_CAPTURE_AUTORELEASING = YES;
				CLANG_WARN_BOOL_CONVERSION = YES;
				CLANG_WARN_COMMA = YES;
				CLANG_WARN_CONSTANT_CONVERSION = YES;
				CLANG_WARN_DEPRECATED_OBJC_IMPLEMENTATIONS = YES;
				CLANG_WARN_DIRECT_OBJC_ISA_USAGE = YES_ERROR;
				CLANG_WARN_DOCUMENTATION_COMMENTS = YES;
				CLANG_WARN_EMPTY_BODY = YES;
				CLANG_WARN_ENUM_CONVERSION = YES;
				CLANG_WARN_INFINITE_RECURSION = YES;
				CLANG_WARN_INT_CONVERSION = YES;
				CLANG_WARN_NON_LITERAL_NULL_CONVERSION = YES;
				CLANG_WARN_OBJC_IMPLICIT_RETAIN_SELF = YES;
				CLANG_WARN_OBJC_LITERAL_CONVERSION = YES;
				CLANG_WARN_OBJC_ROOT_CLASS = YES_ERROR;
				CLANG_WARN_QUOTED_INCLUDE_IN_FRAMEWORK_HEADER = YES;
				CLANG_WARN_RANGE_LOOP_ANALYSIS = YES;
				CLANG_WARN_STRICT_PROTOTYPES = YES;
				CLANG_WARN_SUSPICIOUS_MOVE = YES;
				CLANG_WARN_UNGUARDED_AVAILABILITY = YES_AGGRESSIVE;
				CLANG_WARN_UNREACHABLE_CODE = YES;
				CLANG_WARN__DUPLICATE_METHOD_MATCH = YES;
				COPY_PHASE_STRIP = NO;
				CURRENT_PROJECT_VERSION = 1;
				DEBUG_INFORMATION_FORMAT = "dwarf-with-dsym";
				ENABLE_NS_ASSERTIONS = NO;
				ENABLE_STRICT_OBJC_MSGSEND = YES;
				GCC_C_LANGUAGE_STANDARD = gnu11;
				GCC_NO_COMMON_BLOCKS = YES;
				GCC_WARN_64_TO_32_BIT_CONVERSION = YES;
				GCC_WARN_ABOUT_RETURN_TYPE = YES_ERROR;
				GCC_WARN_UNDECLARED_SELECTOR = YES;
				GCC_WARN_UNINITIALIZED_AUTOS = YES_AGGRESSIVE;
				GCC_WARN_UNUSED_FUNCTION = YES;
				GCC_WARN_UNUSED_VARIABLE = YES;
				MACOSX_DEPLOYMENT_TARGET = 14.0;
				MARKETING_VERSION = 1.0.0;
				MTL_ENABLE_DEBUG_INFO = NO;
				MTL_FAST_MATH = YES;
				PRODUCT_NAME = "$(TARGET_NAME)";
				SDKROOT = macosx;
				SWIFT_COMPILATION_MODE = wholemodule;
				SWIFT_OPTIMIZATION_LEVEL = "-O";
				SWIFT_VERSION = 5.0;
			};
			name = Release;
		};
/* End XCBuildConfiguration section */

/* Begin XCConfigurationList section */
		4DED9A76E5ECC93AD707EAA1 /* Build configuration list for PBXNativeTarget "KrabWidget" */ = {
			isa = XCConfigurationList;
			buildConfigurations = (
				26A9E5BBCAFCDCA7273442B1 /* Debug */,
				0FB5A03B49EA07BBE0E48685 /* Release */,
			);
			defaultConfigurationIsVisible = 0;
			defaultConfigurationName = Debug;
		};
		4EFDF9648A9BACC2953F6FA2 /* Build configuration list for PBXProject "KrabWidget" */ = {
			isa = XCConfigurationList;
			buildConfigurations = (
				863EB1D391C958F5CFDE26E5 /* Debug */,
				C76BF74A1D9219BBA70A3093 /* Release */,
			);
			defaultConfigurationIsVisible = 0;
			defaultConfigurationName = Debug;
		};
		C55B7FDDB5097CD2B088998D /* Build configuration list for PBXNativeTarget "KrabWidgetExtension" */ = {
			isa = XCConfigurationList;
			buildConfigurations = (
				B85719642545A4B0942430A9 /* Debug */,
				021AEB29F811738F1F6245D5 /* Release */,
			);
			defaultConfigurationIsVisible = 0;
			defaultConfigurationName = Debug;
		};
/* End XCConfigurationList section */
	};
	rootObject = 58A8BC3DCEFC8048965F8328 /* Project object */;
}
